// !$*UTF8*$!
{
	archiveVersion = 1;
	classes = {
	};
	objectVersion = 46;
	objects = {

/* Begin PBXBuildFile section */
		B22F08D81E6527C500E83792 /* SecondViewController.swift in Sources */ = {isa = PBXBuildFile; fileRef = B22F08D71E6527C500E83792 /* SecondViewController.swift */; };
		B22F08DA1E652C6900E83792 /* MainViewController.swift in Sources */ = {isa = PBXBuildFile; fileRef = B22F08D91E652C6900E83792 /* MainViewController.swift */; };
		C044AD9F1E6523260099AAD4 /* AppDelegate.swift in Sources */ = {isa = PBXBuildFile; fileRef = C044AD9E1E6523260099AAD4 /* AppDelegate.swift */; };
		C044ADA11E6523260099AAD4 /* ViewController.swift in Sources */ = {isa = PBXBuildFile; fileRef = C044ADA01E6523260099AAD4 /* ViewController.swift */; };
		C044ADA41E6523260099AAD4 /* Main.storyboard in Resources */ = {isa = PBXBuildFile; fileRef = C044ADA21E6523260099AAD4 /* Main.storyboard */; };
		C044ADA61E6523260099AAD4 /* Assets.xcassets in Resources */ = {isa = PBXBuildFile; fileRef = C044ADA51E6523260099AAD4 /* Assets.xcassets */; };
		C044ADA91E6523260099AAD4 /* LaunchScreen.storyboard in Resources */ = {isa = PBXBuildFile; fileRef = C044ADA71E6523260099AAD4 /* LaunchScreen.storyboard */; };
		C044ADB41E6523260099AAD4 /* TrainingExe3Tests.swift in Sources */ = {isa = PBXBuildFile; fileRef = C044ADB31E6523260099AAD4 /* TrainingExe3Tests.swift */; };
		C044ADBF1E6526BA0099AAD4 /* ViewController2.swift in Sources */ = {isa = PBXBuildFile; fileRef = C044ADBE1E6526BA0099AAD4 /* ViewController2.swift */; };
/* End PBXBuildFile section */

/* Begin PBXContainerItemProxy section */
		C044ADB01E6523260099AAD4 /* PBXContainerItemProxy */ = {
			isa = PBXContainerItemProxy;
			containerPortal = C044AD931E6523260099AAD4 /* Project object */;
			proxyType = 1;
			remoteGlobalIDString = C044AD9A1E6523260099AAD4;
			remoteInfo = TrainingExe3;
		};
/* End PBXContainerItemProxy section */

/* Begin PBXFileReference section */
		B22F08D71E6527C500E83792 /* SecondViewController.swift */ = {isa = PBXFileReference; fileEncoding = 4; lastKnownFileType = sourcecode.swift; path = SecondViewController.swift; sourceTree = "<group>"; };
		B22F08D91E652C6900E83792 /* MainViewController.swift */ = {isa = PBXFileReference; fileEncoding = 4; lastKnownFileType = sourcecode.swift; path = MainViewController.swift; sourceTree = "<group>"; };
		C044AD9B1E6523260099AAD4 /* TrainingExe3.app */ = {isa = PBXFileReference; explicitFileType = wrapper.application; includeInIndex = 0; path = TrainingExe3.app; sourceTree = BUILT_PRODUCTS_DIR; };
		C044AD9E1E6523260099AAD4 /* AppDelegate.swift */ = {isa = PBXFileReference; lastKnownFileType = sourcecode.swift; path = AppDelegate.swift; sourceTree = "<group>"; };
		C044ADA01E6523260099AAD4 /* ViewController.swift */ = {isa = PBXFileReference; lastKnownFileType = sourcecode.swift; path = ViewController.swift; sourceTree = "<group>"; };
		C044ADA31E6523260099AAD4 /* Base */ = {isa = PBXFileReference; lastKnownFileType = file.storyboard; name = Base; path = Base.lproj/Main.storyboard; sourceTree = "<group>"; };
		C044ADA51E6523260099AAD4 /* Assets.xcassets */ = {isa = PBXFileReference; lastKnownFileType = folder.assetcatalog; path = Assets.xcassets; sourceTree = "<group>"; };
		C044ADA81E6523260099AAD4 /* Base */ = {isa = PBXFileReference; lastKnownFileType = file.storyboard; name = Base; path = Base.lproj/LaunchScreen.storyboard; sourceTree = "<group>"; };
		C044ADAA1E6523260099AAD4 /* Info.plist */ = {isa = PBXFileReference; lastKnownFileType = text.plist.xml; path = Info.plist; sourceTree = "<group>"; };
		C044ADAF1E6523260099AAD4 /* TrainingExe3Tests.xctest */ = {isa = PBXFileReference; explicitFileType = wrapper.cfbundle; includeInIndex = 0; path = TrainingExe3Tests.xctest; sourceTree = BUILT_PRODUCTS_DIR; };
		C044ADB31E6523260099AAD4 /* TrainingExe3Tests.swift */ = {isa = PBXFileReference; lastKnownFileType = sourcecode.swift; path = TrainingExe3Tests.swift; sourceTree = "<group>"; };
		C044ADB51E6523260099AAD4 /* Info.plist */ = {isa = PBXFileReference; lastKnownFileType = text.plist.xml; path = Info.plist; sourceTree = "<group>"; };
		C044ADBE1E6526BA0099AAD4 /* ViewController2.swift */ = {isa = PBXFileReference; fileEncoding = 4; lastKnownFileType = sourcecode.swift; path = ViewController2.swift; sourceTree = "<group>"; };
/* End PBXFileReference section */

/* Begin PBXFrameworksBuildPhase section */
		C044AD981E6523260099AAD4 /* Frameworks */ = {
			isa = PBXFrameworksBuildPhase;
			buildActionMask = 2147483647;
			files = (
			);
			runOnlyForDeploymentPostprocessing = 0;
		};
		C044ADAC1E6523260099AAD4 /* Frameworks */ = {
			isa = PBXFrameworksBuildPhase;
			buildActionMask = 2147483647;
			files = (
			);
			runOnlyForDeploymentPostprocessing = 0;
		};
/* End PBXFrameworksBuildPhase section */

/* Begin PBXGroup section */
		C044AD921E6523260099AAD4 = {
			isa = PBXGroup;
			children = (
				C044AD9D1E6523260099AAD4 /* TrainingExe3 */,
				C044ADB21E6523260099AAD4 /* TrainingExe3Tests */,
				C044AD9C1E6523260099AAD4 /* Products */,
			);
			sourceTree = "<group>";
		};
		C044AD9C1E6523260099AAD4 /* Products */ = {
			isa = PBXGroup;
			children = (
				C044AD9B1E6523260099AAD4 /* TrainingExe3.app */,
				C044ADAF1E6523260099AAD4 /* TrainingExe3Tests.xctest */,
			);
			name = Products;
			sourceTree = "<group>";
		};
		C044AD9D1E6523260099AAD4 /* TrainingExe3 */ = {
			isa = PBXGroup;
			children = (
				C044AD9E1E6523260099AAD4 /* AppDelegate.swift */,
				B22F08D91E652C6900E83792 /* MainViewController.swift */,
				C044ADA01E6523260099AAD4 /* ViewController.swift */,
				B22F08D71E6527C500E83792 /* SecondViewController.swift */,
				C044ADA21E6523260099AAD4 /* Main.storyboard */,
				C044ADA51E6523260099AAD4 /* Assets.xcassets */,
				C044ADA71E6523260099AAD4 /* LaunchScreen.storyboard */,
				C044ADAA1E6523260099AAD4 /* Info.plist */,
				C044ADBE1E6526BA0099AAD4 /* ViewController2.swift */,
			);
			path = TrainingExe3;
			sourceTree = "<group>";
		};
		C044ADB21E6523260099AAD4 /* TrainingExe3Tests */ = {
			isa = PBXGroup;
			children = (
				C044ADB31E6523260099AAD4 /* TrainingExe3Tests.swift */,
				C044ADB51E6523260099AAD4 /* Info.plist */,
			);
			path = TrainingExe3Tests;
			sourceTree = "<group>";
		};
/* End PBXGroup section */

/* Begin PBXNativeTarget section */
		C044AD9A1E6523260099AAD4 /* TrainingExe3 */ = {
			isa = PBXNativeTarget;
			buildConfigurationList = C044ADB81E6523260099AAD4 /* Build configuration list for PBXNativeTarget "TrainingExe3" */;
			buildPhases = (
				C044AD971E6523260099AAD4 /* Sources */,
				C044AD981E6523260099AAD4 /* Frameworks */,
				C044AD991E6523260099AAD4 /* Resources */,
			);
			buildRules = (
			);
			dependencies = (
			);
			name = TrainingExe3;
			productName = TrainingExe3;
			productReference = C044AD9B1E6523260099AAD4 /* TrainingExe3.app */;
			productType = "com.apple.product-type.application";
		};
		C044ADAE1E6523260099AAD4 /* TrainingExe3Tests */ = {
			isa = PBXNativeTarget;
			buildConfigurationList = C044ADBB1E6523260099AAD4 /* Build configuration list for PBXNativeTarget "TrainingExe3Tests" */;
			buildPhases = (
				C044ADAB1E6523260099AAD4 /* Sources */,
				C044ADAC1E6523260099AAD4 /* Frameworks */,
				C044ADAD1E6523260099AAD4 /* Resources */,
			);
			buildRules = (
			);
			dependencies = (
				C044ADB11E6523260099AAD4 /* PBXTargetDependency */,
			);
			name = TrainingExe3Tests;
			productName = TrainingExe3Tests;
			productReference = C044ADAF1E6523260099AAD4 /* TrainingExe3Tests.xctest */;
			productType = "com.apple.product-type.bundle.unit-test";
		};
/* End PBXNativeTarget section */

/* Begin PBXProject section */
		C044AD931E6523260099AAD4 /* Project object */ = {
			isa = PBXProject;
			attributes = {
				LastSwiftUpdateCheck = 0820;
				LastUpgradeCheck = 0820;
				ORGANIZATIONNAME = "Thanh Doi";
				TargetAttributes = {
					C044AD9A1E6523260099AAD4 = {
						CreatedOnToolsVersion = 8.2.1;
						ProvisioningStyle = Automatic;
					};
					C044ADAE1E6523260099AAD4 = {
						CreatedOnToolsVersion = 8.2.1;
						ProvisioningStyle = Automatic;
						TestTargetID = C044AD9A1E6523260099AAD4;
					};
				};
			};
			buildConfigurationList = C044AD961E6523260099AAD4 /* Build configuration list for PBXProject "TrainingExe3" */;
			compatibilityVersion = "Xcode 3.2";
			developmentRegion = English;
			hasScannedForEncodings = 0;
			knownRegions = (
				en,
				Base,
			);
			mainGroup = C044AD921E6523260099AAD4;
			productRefGroup = C044AD9C1E6523260099AAD4 /* Products */;
			projectDirPath = "";
			projectRoot = "";
			targets = (
				C044AD9A1E6523260099AAD4 /* TrainingExe3 */,
				C044ADAE1E6523260099AAD4 /* TrainingExe3Tests */,
			);
		};
/* End PBXProject section */

/* Begin PBXResourcesBuildPhase section */
		C044AD991E6523260099AAD4 /* Resources */ = {
			isa = PBXResourcesBuildPhase;
			buildActionMask = 2147483647;
			files = (
				C044ADA91E6523260099AAD4 /* LaunchScreen.storyboard in Resources */,
				C044ADA61E6523260099AAD4 /* Assets.xcassets in Resources */,
				C044ADA41E6523260099AAD4 /* Main.storyboard in Resources */,
			);
			runOnlyForDeploymentPostprocessing = 0;
		};
		C044ADAD1E6523260099AAD4 /* Resources */ = {
			isa = PBXResourcesBuildPhase;
			buildActionMask = 2147483647;
			files = (
			);
			runOnlyForDeploymentPostprocessing = 0;
		};
/* End PBXResourcesBuildPhase section */

/* Begin PBXSourcesBuildPhase section */
		C044AD971E6523260099AAD4 /* Sources */ = {
			isa = PBXSourcesBuildPhase;
			buildActionMask = 2147483647;
			files = (
				B22F08D81E6527C500E83792 /* SecondViewController.swift in Sources */,
				C044ADA11E6523260099AAD4 /* ViewController.swift in Sources */,
				C044AD9F1E6523260099AAD4 /* AppDelegate.swift in Sources */,
				C044ADBF1E6526BA0099AAD4 /* ViewController2.swift in Sources */,
				B22F08DA1E652C6900E83792 /* MainViewController.swift in Sources */,
			);
			runOnlyForDeploymentPostprocessing = 0;
		};
		C044ADAB1E6523260099AAD4 /* Sources */ = {
			isa = PBXSourcesBuildPhase;
			buildActionMask = 2147483647;
			files = (
				C044ADB41E6523260099AAD4 /* TrainingExe3Tests.swift in Sources */,
			);
			runOnlyForDeploymentPostprocessing = 0;
		};
/* End PBXSourcesBuildPhase section */

/* Begin PBXTargetDependency section */
		C044ADB11E6523260099AAD4 /* PBXTargetDependency */ = {
			isa = PBXTargetDependency;
			target = C044AD9A1E6523260099AAD4 /* TrainingExe3 */;
			targetProxy = C044ADB01E6523260099AAD4 /* PBXContainerItemProxy */;
		};
/* End PBXTargetDependency section */

/* Begin PBXVariantGroup section */
		C044ADA21E6523260099AAD4 /* Main.storyboard */ = {
			isa = PBXVariantGroup;
			children = (
				C044ADA31E6523260099AAD4 /* Base */,
			);
			name = Main.storyboard;
			sourceTree = "<group>";
		};
		C044ADA71E6523260099AAD4 /* LaunchScreen.storyboard */ = {
			isa = PBXVariantGroup;
			children = (
				C044ADA81E6523260099AAD4 /* Base */,
			);
			name = LaunchScreen.storyboard;
			sourceTree = "<group>";
		};
/* End PBXVariantGroup section */

/* Begin XCBuildConfiguration section */
		C044ADB61E6523260099AAD4 /* Debug */ = {
			isa = XCBuildConfiguration;
			buildSettings = {
				ALWAYS_SEARCH_USER_PATHS = NO;
				CLANG_ANALYZER_NONNULL = YES;
				CLANG_CXX_LANGUAGE_STANDARD = "gnu++0x";
				CLANG_CXX_LIBRARY = "libc++";
				CLANG_ENABLE_MODULES = YES;
				CLANG_ENABLE_OBJC_ARC = YES;
				CLANG_WARN_BOOL_CONVERSION = YES;
				CLANG_WARN_CONSTANT_CONVERSION = YES;
				CLANG_WARN_DIRECT_OBJC_ISA_USAGE = YES_ERROR;
				CLANG_WARN_DOCUMENTATION_COMMENTS = YES;
				CLANG_WARN_EMPTY_BODY = YES;
				CLANG_WARN_ENUM_CONVERSION = YES;
				CLANG_WARN_INFINITE_RECURSION = YES;
				CLANG_WARN_INT_CONVERSION = YES;
				CLANG_WARN_OBJC_ROOT_CLASS = YES_ERROR;
				CLANG_WARN_SUSPICIOUS_MOVE = YES;
				CLANG_WARN_UNREACHABLE_CODE = YES;
				CLANG_WARN__DUPLICATE_METHOD_MATCH = YES;
				"CODE_SIGN_IDENTITY[sdk=iphoneos*]" = "iPhone Developer";
				COPY_PHASE_STRIP = NO;
				DEBUG_INFORMATION_FORMAT = dwarf;
				ENABLE_STRICT_OBJC_MSGSEND = YES;
				ENABLE_TESTABILITY = YES;
				GCC_C_LANGUAGE_STANDARD = gnu99;
				GCC_DYNAMIC_NO_PIC = NO;
				GCC_NO_COMMON_BLOCKS = YES;
				GCC_OPTIMIZATION_LEVEL = 0;
				GCC_PREPROCESSOR_DEFINITIONS = (
					"DEBUG=1",
					"$(inherited)",
				);
				GCC_WARN_64_TO_32_BIT_CONVERSION = YES;
				GCC_WARN_ABOUT_RETURN_TYPE = YES_ERROR;
				GCC_WARN_UNDECLARED_SELECTOR = YES;
				GCC_WARN_UNINITIALIZED_AUTOS = YES_AGGRESSIVE;
				GCC_WARN_UNUSED_FUNCTION = YES;
				GCC_WARN_UNUSED_VARIABLE = YES;
				IPHONEOS_DEPLOYMENT_TARGET = 10.2;
				MTL_ENABLE_DEBUG_INFO = YES;
				ONLY_ACTIVE_ARCH = YES;
				SDKROOT = iphoneos;
				SWIFT_ACTIVE_COMPILATION_CONDITIONS = DEBUG;
				SWIFT_OPTIMIZATION_LEVEL = "-Onone";
				TARGETED_DEVICE_FAMILY = "1,2";
			};
			name = Debug;
		};
		C044ADB71E6523260099AAD4 /* Release */ = {
			isa = XCBuildConfiguration;
			buildSettings = {
				ALWAYS_SEARCH_USER_PATHS = NO;
				CLANG_ANALYZER_NONNULL = YES;
				CLANG_CXX_LANGUAGE_STANDARD = "gnu++0x";
				CLANG_CXX_LIBRARY = "libc++";
				CLANG_ENABLE_MODULES = YES;
				CLANG_ENABLE_OBJC_ARC = YES;
				CLANG_WARN_BOOL_CONVERSION = YES;
				CLANG_WARN_CONSTANT_CONVERSION = YES;
				CLANG_WARN_DIRECT_OBJC_ISA_USAGE = YES_ERROR;
				CLANG_WARN_DOCUMENTATION_COMMENTS = YES;
				CLANG_WARN_EMPTY_BODY = YES;
				CLANG_WARN_ENUM_CONVERSION = YES;
				CLANG_WARN_INFINITE_RECURSION = YES;
				CLANG_WARN_INT_CONVERSION = YES;
				CLANG_WARN_OBJC_ROOT_CLASS = YES_ERROR;
				CLANG_WARN_SUSPICIOUS_MOVE = YES;
				CLANG_WARN_UNREACHABLE_CODE = YES;
				CLANG_WARN__DUPLICATE_METHOD_MATCH = YES;
				"CODE_SIGN_IDENTITY[sdk=iphoneos*]" = "iPhone Developer";
				COPY_PHASE_STRIP = NO;
				DEBUG_INFORMATION_FORMAT = "dwarf-with-dsym";
				ENABLE_NS_ASSERTIONS = NO;
				ENABLE_STRICT_OBJC_MSGSEND = YES;
				GCC_C_LANGUAGE_STANDARD = gnu99;
				GCC_NO_COMMON_BLOCKS = YES;
				GCC_WARN_64_TO_32_BIT_CONVERSION = YES;
				GCC_WARN_ABOUT_RETURN_TYPE = YES_ERROR;
				GCC_WARN_UNDECLARED_SELECTOR = YES;
				GCC_WARN_UNINITIALIZED_AUTOS = YES_AGGRESSIVE;
				GCC_WARN_UNUSED_FUNCTION = YES;
				GCC_WARN_UNUSED_VARIABLE = YES;
				IPHONEOS_DEPLOYMENT_TARGET = 10.2;
				MTL_ENABLE_DEBUG_INFO = NO;
				SDKROOT = iphoneos;
				SWIFT_OPTIMIZATION_LEVEL = "-Owholemodule";
				TARGETED_DEVICE_FAMILY = "1,2";
				VALIDATE_PRODUCT = YES;
			};
			name = Release;
		};
		C044ADB91E6523260099AAD4 /* Debug */ = {
			isa = XCBuildConfiguration;
			buildSettings = {
				ASSETCATALOG_COMPILER_APPICON_NAME = AppIcon;
				INFOPLIST_FILE = TrainingExe3/Info.plist;
				LD_RUNPATH_SEARCH_PATHS = "$(inherited) @executable_path/Frameworks";
				PRODUCT_BUNDLE_IDENTIFIER = "Thanh-Doi.TrainingExe3";
				PRODUCT_NAME = "$(TARGET_NAME)";
				SWIFT_VERSION = 3.0;
			};
			name = Debug;
		};
		C044ADBA1E6523260099AAD4 /* Release */ = {
			isa = XCBuildConfiguration;
			buildSettings = {
				ASSETCATALOG_COMPILER_APPICON_NAME = AppIcon;
				INFOPLIST_FILE = TrainingExe3/Info.plist;
				LD_RUNPATH_SEARCH_PATHS = "$(inherited) @executable_path/Frameworks";
				PRODUCT_BUNDLE_IDENTIFIER = "Thanh-Doi.TrainingExe3";
				PRODUCT_NAME = "$(TARGET_NAME)";
				SWIFT_VERSION = 3.0;
			};
			name = Release;
		};
		C044ADBC1E6523260099AAD4 /* Debug */ = {
			isa = XCBuildConfiguration;
			buildSettings = {
				ALWAYS_EMBED_SWIFT_STANDARD_LIBRARIES = YES;
				BUNDLE_LOADER = "$(TEST_HOST)";
				INFOPLIST_FILE = TrainingExe3Tests/Info.plist;
				LD_RUNPATH_SEARCH_PATHS = "$(inherited) @executable_path/Frameworks @loader_path/Frameworks";
				PRODUCT_BUNDLE_IDENTIFIER = "Thanh-Doi.TrainingExe3Tests";
				PRODUCT_NAME = "$(TARGET_NAME)";
				SWIFT_VERSION = 3.0;
				TEST_HOST = "$(BUILT_PRODUCTS_DIR)/TrainingExe3.app/TrainingExe3";
			};
			name = Debug;
		};
		C044ADBD1E6523260099AAD4 /* Release */ = {
			isa = XCBuildConfiguration;
			buildSettings = {
				ALWAYS_EMBED_SWIFT_STANDARD_LIBRARIES = YES;
				BUNDLE_LOADER = "$(TEST_HOST)";
				INFOPLIST_FILE = TrainingExe3Tests/Info.plist;
				LD_RUNPATH_SEARCH_PATHS = "$(inherited) @executable_path/Frameworks @loader_path/Frameworks";
				PRODUCT_BUNDLE_IDENTIFIER = "Thanh-Doi.TrainingExe3Tests";
				PRODUCT_NAME = "$(TARGET_NAME)";
				SWIFT_VERSION = 3.0;
				TEST_HOST = "$(BUILT_PRODUCTS_DIR)/TrainingExe3.app/TrainingExe3";
			};
			name = Release;
		};
/* End XCBuildConfiguration section */

/* Begin XCConfigurationList section */
		C044AD961E6523260099AAD4 /* Build configuration list for PBXProject "TrainingExe3" */ = {
			isa = XCConfigurationList;
			buildConfigurations = (
				C044ADB61E6523260099AAD4 /* Debug */,
				C044ADB71E6523260099AAD4 /* Release */,
			);
			defaultConfigurationIsVisible = 0;
			defaultConfigurationName = Release;
		};
		C044ADB81E6523260099AAD4 /* Build configuration list for PBXNativeTarget "TrainingExe3" */ = {
			isa = XCConfigurationList;
			buildConfigurations = (
				C044ADB91E6523260099AAD4 /* Debug */,
				C044ADBA1E6523260099AAD4 /* Release */,
			);
			defaultConfigurationIsVisible = 0;
			defaultConfigurationName = Release;
		};
		C044ADBB1E6523260099AAD4 /* Build configuration list for PBXNativeTarget "TrainingExe3Tests" */ = {
			isa = XCConfigurationList;
			buildConfigurations = (
				C044ADBC1E6523260099AAD4 /* Debug */,
				C044ADBD1E6523260099AAD4 /* Release */,
			);
			defaultConfigurationIsVisible = 0;
			defaultConfigurationName = Release;
		};
/* End XCConfigurationList section */
	};
	rootObject = C044AD931E6523260099AAD4 /* Project object */;
}
